{
  "name": "Javascript",
  "lockfileVersion": 3,
  "requires": true,
  "packages": {
    "": {
      "dependencies": {
        "geist": "^1.2.1"
      }
    },
    "node_modules/geist": {
      "version": "1.2.1",
      "resolved": "https://registry.npmjs.org/geist/-/geist-1.2.1.tgz",
      "integrity": "sha512-xCl7zWfnWqc+TbCG5qqyeT5tnVlOO4pSJsT3Ei59DN1SR4N2VlauF8Fv0D1pPFXGUJgu6RMoeZX+wsR4T9bMhg==",
      "peerDependencies": {
        "next": "^13.2 || ^14"
      }
    }
  }
}
